
Microsoft Visual Studio Solution File, Format Version 12.00
# Visual Studio Version 16
VisualStudioVersion = 16.0.32510.428
MinimumVisualStudioVersion = 10.0.40219.1
Project("{FAE04EC0-301F-11D3-BF4B-00C04F79EFBC}") = "MVCApp1", "MVCApp1.csproj", "{735770B7-EB2B-4C25-BEA0-BFB5B8194B63}"
EndProject
Global
	GlobalSection(SolutionConfigurationPlatforms) = preSolution
		Debug|Any CPU = Debug|Any CPU
		Release|Any CPU = Release|Any CPU
	EndGlobalSection
	GlobalSection(ProjectConfigurationPlatforms) = postSolution
		{735770B7-EB2B-4C25-BEA0-BFB5B8194B63}.Debug|Any CPU.ActiveCfg = Debug|Any CPU
		{735770B7-EB2B-4C25-BEA0-BFB5B8194B63}.Debug|Any CPU.Build.0 = Debug|Any CPU
		{735770B7-EB2B-4C25-BEA0-BFB5B8194B63}.Release|Any CPU.ActiveCfg = Release|Any CPU
		{735770B7-EB2B-4C25-BEA0-BFB5B8194B63}.Release|Any CPU.Build.0 = Release|Any CPU
	EndGlobalSection
	GlobalSection(SolutionProperties) = preSolution
		HideSolutionNode = FALSE
	EndGlobalSection
	GlobalSection(ExtensibilityGlobals) = postSolution
		SolutionGuid = {13F3BD72-5979-4A07-807B-2B5417BB5FC8}
	EndGlobalSection
EndGlobal
