
Microsoft Visual Studio Solution File, Format Version 12.00
# Visual Studio Version 16
VisualStudioVersion = 16.0.32510.428
MinimumVisualStudioVersion = 10.0.40219.1
Project("{FAE04EC0-301F-11D3-BF4B-00C04F79EFBC}") = "Clients.Authenticaction", "Clients.Authenticaction.csproj", "{125CC8D6-A044-4D82-AE2D-51E4300E075B}"
EndProject
Global
	GlobalSection(SolutionConfigurationPlatforms) = preSolution
		Debug|Any CPU = Debug|Any CPU
		Release|Any CPU = Release|Any CPU
	EndGlobalSection
	GlobalSection(ProjectConfigurationPlatforms) = postSolution
		{125CC8D6-A044-4D82-AE2D-51E4300E075B}.Debug|Any CPU.ActiveCfg = Debug|Any CPU
		{125CC8D6-A044-4D82-AE2D-51E4300E075B}.Debug|Any CPU.Build.0 = Debug|Any CPU
		{125CC8D6-A044-4D82-AE2D-51E4300E075B}.Release|Any CPU.ActiveCfg = Release|Any CPU
		{125CC8D6-A044-4D82-AE2D-51E4300E075B}.Release|Any CPU.Build.0 = Release|Any CPU
	EndGlobalSection
	GlobalSection(SolutionProperties) = preSolution
		HideSolutionNode = FALSE
	EndGlobalSection
	GlobalSection(ExtensibilityGlobals) = postSolution
		SolutionGuid = {A1680B39-16C7-4134-A4B9-5B4B55488916}
	EndGlobalSection
EndGlobal
